// !$*UTF8*$!
{
	archiveVersion = 1;
	classes = {
	};
	objectVersion = 48;
	objects = {

/* Begin PBXBuildFile section */
		5243E31D206C4F7800B5D664 /* GameController.framework in Frameworks */ = {isa = PBXBuildFile; fileRef = 5243E31C206C4F7800B5D664 /* GameController.framework */; };
		5243E320206C509D00B5D664 /* GameControllerInput.swift in Sources */ = {isa = PBXBuildFile; fileRef = 5243E31F206C509D00B5D664 /* GameControllerInput.swift */; };
		5243E326206C64F500B5D664 /* InputList.m in Sources */ = {isa = PBXBuildFile; fileRef = 5243E325206C64F500B5D664 /* InputList.m */; };
		5243E329206C69D500B5D664 /* ICadeWindow.swift in Sources */ = {isa = PBXBuildFile; fileRef = 5243E328206C69D500B5D664 /* ICadeWindow.swift */; };
		5243E32B206C6A7B00B5D664 /* ICadeInputType.swift in Sources */ = {isa = PBXBuildFile; fileRef = 5243E32A206C6A7B00B5D664 /* ICadeInputType.swift */; };
		526D5AF5206C19C200DCDE85 /* AppDelegate.swift in Sources */ = {isa = PBXBuildFile; fileRef = 526D5AF4206C19C200DCDE85 /* AppDelegate.swift */; };
		526D5AF7206C19C200DCDE85 /* Assets.xcassets in Resources */ = {isa = PBXBuildFile; fileRef = 526D5AF6206C19C200DCDE85 /* Assets.xcassets */; };
		526D5AFA206C19C200DCDE85 /* MainMenu.xib in Resources */ = {isa = PBXBuildFile; fileRef = 526D5AF8206C19C200DCDE85 /* MainMenu.xib */; };
		526D5B03206C1E6D00DCDE85 /* Interfaces.swift in Sources */ = {isa = PBXBuildFile; fileRef = 526D5B02206C1E6D00DCDE85 /* Interfaces.swift */; };
		526D5B09206C273F00DCDE85 /* HIDInputElement.m in Sources */ = {isa = PBXBuildFile; fileRef = 526D5B08206C273F00DCDE85 /* HIDInputElement.m */; };
		526D5B0C206C27C600DCDE85 /* IOKit.framework in Frameworks */ = {isa = PBXBuildFile; fileRef = 526D5B0B206C27C600DCDE85 /* IOKit.framework */; };
		526D5B0F206C293800DCDE85 /* HIDDevice.m in Sources */ = {isa = PBXBuildFile; fileRef = 526D5B0E206C293800DCDE85 /* HIDDevice.m */; };
		526D5B13206C29E300DCDE85 /* HIDInputManagement.m in Sources */ = {isa = PBXBuildFile; fileRef = 526D5B12206C29E300DCDE85 /* HIDInputManagement.m */; };
/* End PBXBuildFile section */

/* Begin PBXFileReference section */
		5243E31C206C4F7800B5D664 /* GameController.framework */ = {isa = PBXFileReference; lastKnownFileType = wrapper.framework; name = GameController.framework; path = System/Library/Frameworks/GameController.framework; sourceTree = SDKROOT; };
		5243E31F206C509D00B5D664 /* GameControllerInput.swift */ = {isa = PBXFileReference; lastKnownFileType = sourcecode.swift; path = GameControllerInput.swift; sourceTree = "<group>"; };
		5243E324206C64F500B5D664 /* InputList.h */ = {isa = PBXFileReference; lastKnownFileType = sourcecode.c.h; path = InputList.h; sourceTree = "<group>"; };
		5243E325206C64F500B5D664 /* InputList.m */ = {isa = PBXFileReference; lastKnownFileType = sourcecode.c.objc; path = InputList.m; sourceTree = "<group>"; };
		5243E328206C69D500B5D664 /* ICadeWindow.swift */ = {isa = PBXFileReference; lastKnownFileType = sourcecode.swift; path = ICadeWindow.swift; sourceTree = "<group>"; };
		5243E32A206C6A7B00B5D664 /* ICadeInputType.swift */ = {isa = PBXFileReference; lastKnownFileType = sourcecode.swift; path = ICadeInputType.swift; sourceTree = "<group>"; };
		526D5AF1206C19C200DCDE85 /* ControllerDemo.app */ = {isa = PBXFileReference; explicitFileType = wrapper.application; includeInIndex = 0; path = ControllerDemo.app; sourceTree = BUILT_PRODUCTS_DIR; };
		526D5AF4206C19C200DCDE85 /* AppDelegate.swift */ = {isa = PBXFileReference; lastKnownFileType = sourcecode.swift; path = AppDelegate.swift; sourceTree = "<group>"; };
		526D5AF6206C19C200DCDE85 /* Assets.xcassets */ = {isa = PBXFileReference; lastKnownFileType = folder.assetcatalog; path = Assets.xcassets; sourceTree = "<group>"; };
		526D5AF9206C19C200DCDE85 /* Base */ = {isa = PBXFileReference; lastKnownFileType = file.xib; name = Base; path = Base.lproj/MainMenu.xib; sourceTree = "<group>"; };
		526D5AFB206C19C200DCDE85 /* Info.plist */ = {isa = PBXFileReference; lastKnownFileType = text.plist.xml; path = Info.plist; sourceTree = "<group>"; };
		526D5B02206C1E6D00DCDE85 /* Interfaces.swift */ = {isa = PBXFileReference; lastKnownFileType = sourcecode.swift; path = Interfaces.swift; sourceTree = "<group>"; };
		526D5B06206C273F00DCDE85 /* ControllerDemo-Bridging-Header.h */ = {isa = PBXFileReference; lastKnownFileType = sourcecode.c.h; path = "ControllerDemo-Bridging-Header.h"; sourceTree = "<group>"; };
		526D5B07206C273F00DCDE85 /* HIDInputElement.h */ = {isa = PBXFileReference; lastKnownFileType = sourcecode.c.h; path = HIDInputElement.h; sourceTree = "<group>"; };
		526D5B08206C273F00DCDE85 /* HIDInputElement.m */ = {isa = PBXFileReference; lastKnownFileType = sourcecode.c.objc; path = HIDInputElement.m; sourceTree = "<group>"; };
		526D5B0B206C27C600DCDE85 /* IOKit.framework */ = {isa = PBXFileReference; lastKnownFileType = wrapper.framework; name = IOKit.framework; path = System/Library/Frameworks/IOKit.framework; sourceTree = SDKROOT; };
		526D5B0D206C293800DCDE85 /* HIDDevice.h */ = {isa = PBXFileReference; lastKnownFileType = sourcecode.c.h; path = HIDDevice.h; sourceTree = "<group>"; };
		526D5B0E206C293800DCDE85 /* HIDDevice.m */ = {isa = PBXFileReference; lastKnownFileType = sourcecode.c.objc; path = HIDDevice.m; sourceTree = "<group>"; };
		526D5B11206C29E300DCDE85 /* HIDInputManagement.h */ = {isa = PBXFileReference; lastKnownFileType = sourcecode.c.h; path = HIDInputManagement.h; sourceTree = "<group>"; };
		526D5B12206C29E300DCDE85 /* HIDInputManagement.m */ = {isa = PBXFileReference; lastKnownFileType = sourcecode.c.objc; path = HIDInputManagement.m; sourceTree = "<group>"; };
/* End PBXFileReference section */

/* Begin PBXFrameworksBuildPhase section */
		526D5AEE206C19C200DCDE85 /* Frameworks */ = {
			isa = PBXFrameworksBuildPhase;
			buildActionMask = 2147483647;
			files = (
				5243E31D206C4F7800B5D664 /* GameController.framework in Frameworks */,
				526D5B0C206C27C600DCDE85 /* IOKit.framework in Frameworks */,
			);
			runOnlyForDeploymentPostprocessing = 0;
		};
/* End PBXFrameworksBuildPhase section */

/* Begin PBXGroup section */
		5243E31E206C4F7C00B5D664 /* GameController */ = {
			isa = PBXGroup;
			children = (
				5243E31F206C509D00B5D664 /* GameControllerInput.swift */,
			);
			path = GameController;
			sourceTree = "<group>";
		};
		5243E327206C69BF00B5D664 /* iCade */ = {
			isa = PBXGroup;
			children = (
				5243E328206C69D500B5D664 /* ICadeWindow.swift */,
				5243E32A206C6A7B00B5D664 /* ICadeInputType.swift */,
			);
			path = iCade;
			sourceTree = "<group>";
		};
		526D5AE8206C19C200DCDE85 = {
			isa = PBXGroup;
			children = (
				526D5AF3206C19C200DCDE85 /* ControllerDemo */,
				526D5AF2206C19C200DCDE85 /* Products */,
				526D5B0A206C27C600DCDE85 /* Frameworks */,
			);
			sourceTree = "<group>";
		};
		526D5AF2206C19C200DCDE85 /* Products */ = {
			isa = PBXGroup;
			children = (
				526D5AF1206C19C200DCDE85 /* ControllerDemo.app */,
			);
			name = Products;
			sourceTree = "<group>";
		};
		526D5AF3206C19C200DCDE85 /* ControllerDemo */ = {
			isa = PBXGroup;
			children = (
				5243E327206C69BF00B5D664 /* iCade */,
				5243E31E206C4F7C00B5D664 /* GameController */,
				526D5B10206C29C500DCDE85 /* HID */,
				526D5AF4206C19C200DCDE85 /* AppDelegate.swift */,
				526D5AF6206C19C200DCDE85 /* Assets.xcassets */,
				526D5AF8206C19C200DCDE85 /* MainMenu.xib */,
				526D5AFB206C19C200DCDE85 /* Info.plist */,
				526D5B02206C1E6D00DCDE85 /* Interfaces.swift */,
				526D5B06206C273F00DCDE85 /* ControllerDemo-Bridging-Header.h */,
				5243E324206C64F500B5D664 /* InputList.h */,
				5243E325206C64F500B5D664 /* InputList.m */,
			);
			path = ControllerDemo;
			sourceTree = "<group>";
		};
		526D5B0A206C27C600DCDE85 /* Frameworks */ = {
			isa = PBXGroup;
			children = (
				5243E31C206C4F7800B5D664 /* GameController.framework */,
				526D5B0B206C27C600DCDE85 /* IOKit.framework */,
			);
			name = Frameworks;
			sourceTree = "<group>";
		};
		526D5B10206C29C500DCDE85 /* HID */ = {
			isa = PBXGroup;
			children = (
				526D5B07206C273F00DCDE85 /* HIDInputElement.h */,
				526D5B08206C273F00DCDE85 /* HIDInputElement.m */,
				526D5B0D206C293800DCDE85 /* HIDDevice.h */,
				526D5B0E206C293800DCDE85 /* HIDDevice.m */,
				526D5B11206C29E300DCDE85 /* HIDInputManagement.h */,
				526D5B12206C29E300DCDE85 /* HIDInputManagement.m */,
			);
			path = HID;
			sourceTree = "<group>";
		};
/* End PBXGroup section */

/* Begin PBXNativeTarget section */
		526D5AF0206C19C200DCDE85 /* ControllerDemo */ = {
			isa = PBXNativeTarget;
			buildConfigurationList = 526D5AFF206C19C200DCDE85 /* Build configuration list for PBXNativeTarget "ControllerDemo" */;
			buildPhases = (
				526D5AED206C19C200DCDE85 /* Sources */,
				526D5AEE206C19C200DCDE85 /* Frameworks */,
				526D5AEF206C19C200DCDE85 /* Resources */,
			);
			buildRules = (
			);
			dependencies = (
			);
			name = ControllerDemo;
			productName = ControllerDemo;
			productReference = 526D5AF1206C19C200DCDE85 /* ControllerDemo.app */;
			productType = "com.apple.product-type.application";
		};
/* End PBXNativeTarget section */

/* Begin PBXProject section */
		526D5AE9206C19C200DCDE85 /* Project object */ = {
			isa = PBXProject;
			attributes = {
				LastSwiftUpdateCheck = 0920;
				LastUpgradeCheck = 0920;
				ORGANIZATIONNAME = "Torsten Kammer";
				TargetAttributes = {
					526D5AF0206C19C200DCDE85 = {
						CreatedOnToolsVersion = 9.2;
						LastSwiftMigration = 0920;
						ProvisioningStyle = Automatic;
						SystemCapabilities = {
							com.apple.Sandbox = {
								enabled = 0;
							};
						};
					};
				};
			};
			buildConfigurationList = 526D5AEC206C19C200DCDE85 /* Build configuration list for PBXProject "ControllerDemo" */;
			compatibilityVersion = "Xcode 8.0";
			developmentRegion = en;
			hasScannedForEncodings = 0;
			knownRegions = (
				en,
				Base,
			);
			mainGroup = 526D5AE8206C19C200DCDE85;
			productRefGroup = 526D5AF2206C19C200DCDE85 /* Products */;
			projectDirPath = "";
			projectRoot = "";
			targets = (
				526D5AF0206C19C200DCDE85 /* ControllerDemo */,
			);
		};
/* End PBXProject section */

/* Begin PBXResourcesBuildPhase section */
		526D5AEF206C19C200DCDE85 /* Resources */ = {
			isa = PBXResourcesBuildPhase;
			buildActionMask = 2147483647;
			files = (
				526D5AF7206C19C200DCDE85 /* Assets.xcassets in Resources */,
				526D5AFA206C19C200DCDE85 /* MainMenu.xib in Resources */,
			);
			runOnlyForDeploymentPostprocessing = 0;
		};
/* End PBXResourcesBuildPhase section */

/* Begin PBXSourcesBuildPhase section */
		526D5AED206C19C200DCDE85 /* Sources */ = {
			isa = PBXSourcesBuildPhase;
			buildActionMask = 2147483647;
			files = (
				526D5AF5206C19C200DCDE85 /* AppDelegate.swift in Sources */,
				5243E320206C509D00B5D664 /* GameControllerInput.swift in Sources */,
				5243E329206C69D500B5D664 /* ICadeWindow.swift in Sources */,
				5243E326206C64F500B5D664 /* InputList.m in Sources */,
				5243E32B206C6A7B00B5D664 /* ICadeInputType.swift in Sources */,
				526D5B03206C1E6D00DCDE85 /* Interfaces.swift in Sources */,
				526D5B13206C29E300DCDE85 /* HIDInputManagement.m in Sources */,
				526D5B09206C273F00DCDE85 /* HIDInputElement.m in Sources */,
				526D5B0F206C293800DCDE85 /* HIDDevice.m in Sources */,
			);
			runOnlyForDeploymentPostprocessing = 0;
		};
/* End PBXSourcesBuildPhase section */

/* Begin PBXVariantGroup section */
		526D5AF8206C19C200DCDE85 /* MainMenu.xib */ = {
			isa = PBXVariantGroup;
			children = (
				526D5AF9206C19C200DCDE85 /* Base */,
			);
			name = MainMenu.xib;
			sourceTree = "<group>";
		};
/* End PBXVariantGroup section */

/* Begin XCBuildConfiguration section */
		526D5AFD206C19C200DCDE85 /* Debug */ = {
			isa = XCBuildConfiguration;
			buildSettings = {
				ALWAYS_SEARCH_USER_PATHS = NO;
				CLANG_ANALYZER_NONNULL = YES;
				CLANG_ANALYZER_NUMBER_OBJECT_CONVERSION = YES_AGGRESSIVE;
				CLANG_CXX_LANGUAGE_STANDARD = "gnu++14";
				CLANG_CXX_LIBRARY = "libc++";
				CLANG_ENABLE_MODULES = YES;
				CLANG_ENABLE_OBJC_ARC = YES;
				CLANG_WARN_BLOCK_CAPTURE_AUTORELEASING = YES;
				CLANG_WARN_BOOL_CONVERSION = YES;
				CLANG_WARN_COMMA = YES;
				CLANG_WARN_CONSTANT_CONVERSION = YES;
				CLANG_WARN_DIRECT_OBJC_ISA_USAGE = YES_ERROR;
				CLANG_WARN_DOCUMENTATION_COMMENTS = YES;
				CLANG_WARN_EMPTY_BODY = YES;
				CLANG_WARN_ENUM_CONVERSION = YES;
				CLANG_WARN_INFINITE_RECURSION = YES;
				CLANG_WARN_INT_CONVERSION = YES;
				CLANG_WARN_NON_LITERAL_NULL_CONVERSION = YES;
				CLANG_WARN_OBJC_LITERAL_CONVERSION = YES;
				CLANG_WARN_OBJC_ROOT_CLASS = YES_ERROR;
				CLANG_WARN_RANGE_LOOP_ANALYSIS = YES;
				CLANG_WARN_STRICT_PROTOTYPES = YES;
				CLANG_WARN_SUSPICIOUS_MOVE = YES;
				CLANG_WARN_UNGUARDED_AVAILABILITY = YES_AGGRESSIVE;
				CLANG_WARN_UNREACHABLE_CODE = YES;
				CLANG_WARN__DUPLICATE_METHOD_MATCH = YES;
				CODE_SIGN_IDENTITY = "-";
				COPY_PHASE_STRIP = NO;
				DEBUG_INFORMATION_FORMAT = dwarf;
				ENABLE_STRICT_OBJC_MSGSEND = YES;
				ENABLE_TESTABILITY = YES;
				GCC_C_LANGUAGE_STANDARD = gnu11;
				GCC_DYNAMIC_NO_PIC = NO;
				GCC_NO_COMMON_BLOCKS = YES;
				GCC_OPTIMIZATION_LEVEL = 0;
				GCC_PREPROCESSOR_DEFINITIONS = (
					"DEBUG=1",
					"$(inherited)",
				);
				GCC_WARN_64_TO_32_BIT_CONVERSION = YES;
				GCC_WARN_ABOUT_RETURN_TYPE = YES_ERROR;
				GCC_WARN_UNDECLARED_SELECTOR = YES;
				GCC_WARN_UNINITIALIZED_AUTOS = YES_AGGRESSIVE;
				GCC_WARN_UNUSED_FUNCTION = YES;
				GCC_WARN_UNUSED_VARIABLE = YES;
				MACOSX_DEPLOYMENT_TARGET = 10.12;
				MTL_ENABLE_DEBUG_INFO = YES;
				ONLY_ACTIVE_ARCH = YES;
				SDKROOT = macosx;
				SWIFT_ACTIVE_COMPILATION_CONDITIONS = DEBUG;
				SWIFT_OPTIMIZATION_LEVEL = "-Onone";
			};
			name = Debug;
		};
		526D5AFE206C19C200DCDE85 /* Release */ = {
			isa = XCBuildConfiguration;
			buildSettings = {
				ALWAYS_SEARCH_USER_PATHS = NO;
				CLANG_ANALYZER_NONNULL = YES;
				CLANG_ANALYZER_NUMBER_OBJECT_CONVERSION = YES_AGGRESSIVE;
				CLANG_CXX_LANGUAGE_STANDARD = "gnu++14";
				CLANG_CXX_LIBRARY = "libc++";
				CLANG_ENABLE_MODULES = YES;
				CLANG_ENABLE_OBJC_ARC = YES;
				CLANG_WARN_BLOCK_CAPTURE_AUTORELEASING = YES;
				CLANG_WARN_BOOL_CONVERSION = YES;
				CLANG_WARN_COMMA = YES;
				CLANG_WARN_CONSTANT_CONVERSION = YES;
				CLANG_WARN_DIRECT_OBJC_ISA_USAGE = YES_ERROR;
				CLANG_WARN_DOCUMENTATION_COMMENTS = YES;
				CLANG_WARN_EMPTY_BODY = YES;
				CLANG_WARN_ENUM_CONVERSION = YES;
				CLANG_WARN_INFINITE_RECURSION = YES;
				CLANG_WARN_INT_CONVERSION = YES;
				CLANG_WARN_NON_LITERAL_NULL_CONVERSION = YES;
				CLANG_WARN_OBJC_LITERAL_CONVERSION = YES;
				CLANG_WARN_OBJC_ROOT_CLASS = YES_ERROR;
				CLANG_WARN_RANGE_LOOP_ANALYSIS = YES;
				CLANG_WARN_STRICT_PROTOTYPES = YES;
				CLANG_WARN_SUSPICIOUS_MOVE = YES;
				CLANG_WARN_UNGUARDED_AVAILABILITY = YES_AGGRESSIVE;
				CLANG_WARN_UNREACHABLE_CODE = YES;
				CLANG_WARN__DUPLICATE_METHOD_MATCH = YES;
				CODE_SIGN_IDENTITY = "-";
				COPY_PHASE_STRIP = NO;
				DEBUG_INFORMATION_FORMAT = "dwarf-with-dsym";
				ENABLE_NS_ASSERTIONS = NO;
				ENABLE_STRICT_OBJC_MSGSEND = YES;
				GCC_C_LANGUAGE_STANDARD = gnu11;
				GCC_NO_COMMON_BLOCKS = YES;
				GCC_WARN_64_TO_32_BIT_CONVERSION = YES;
				GCC_WARN_ABOUT_RETURN_TYPE = YES_ERROR;
				GCC_WARN_UNDECLARED_SELECTOR = YES;
				GCC_WARN_UNINITIALIZED_AUTOS = YES_AGGRESSIVE;
				GCC_WARN_UNUSED_FUNCTION = YES;
				GCC_WARN_UNUSED_VARIABLE = YES;
				MACOSX_DEPLOYMENT_TARGET = 10.12;
				MTL_ENABLE_DEBUG_INFO = NO;
				SDKROOT = macosx;
				SWIFT_OPTIMIZATION_LEVEL = "-Owholemodule";
			};
			name = Release;
		};
		526D5B00206C19C200DCDE85 /* Debug */ = {
			isa = XCBuildConfiguration;
			buildSettings = {
				ASSETCATALOG_COMPILER_APPICON_NAME = AppIcon;
				CLANG_ENABLE_MODULES = YES;
				CODE_SIGN_STYLE = Automatic;
				COMBINE_HIDPI_IMAGES = YES;
				INFOPLIST_FILE = ControllerDemo/Info.plist;
				LD_RUNPATH_SEARCH_PATHS = "$(inherited) @executable_path/../Frameworks";
				PRODUCT_BUNDLE_IDENTIFIER = de.ferroequinologist.ControllerDemo;
				PRODUCT_NAME = "$(TARGET_NAME)";
				SWIFT_OBJC_BRIDGING_HEADER = "ControllerDemo/ControllerDemo-Bridging-Header.h";
				SWIFT_OPTIMIZATION_LEVEL = "-Onone";
				SWIFT_VERSION = 3.0;
			};
			name = Debug;
		};
		526D5B01206C19C200DCDE85 /* Release */ = {
			isa = XCBuildConfiguration;
			buildSettings = {
				ASSETCATALOG_COMPILER_APPICON_NAME = AppIcon;
				CLANG_ENABLE_MODULES = YES;
				CODE_SIGN_STYLE = Automatic;
				COMBINE_HIDPI_IMAGES = YES;
				INFOPLIST_FILE = ControllerDemo/Info.plist;
				LD_RUNPATH_SEARCH_PATHS = "$(inherited) @executable_path/../Frameworks";
				PRODUCT_BUNDLE_IDENTIFIER = de.ferroequinologist.ControllerDemo;
				PRODUCT_NAME = "$(TARGET_NAME)";
				SWIFT_OBJC_BRIDGING_HEADER = "ControllerDemo/ControllerDemo-Bridging-Header.h";
				SWIFT_VERSION = 3.0;
			};
			name = Release;
		};
/* End XCBuildConfiguration section */

/* Begin XCConfigurationList section */
		526D5AEC206C19C200DCDE85 /* Build configuration list for PBXProject "ControllerDemo" */ = {
			isa = XCConfigurationList;
			buildConfigurations = (
				526D5AFD206C19C200DCDE85 /* Debug */,
				526D5AFE206C19C200DCDE85 /* Release */,
			);
			defaultConfigurationIsVisible = 0;
			defaultConfigurationName = Release;
		};
		526D5AFF206C19C200DCDE85 /* Build configuration list for PBXNativeTarget "ControllerDemo" */ = {
			isa = XCConfigurationList;
			buildConfigurations = (
				526D5B00206C19C200DCDE85 /* Debug */,
				526D5B01206C19C200DCDE85 /* Release */,
			);
			defaultConfigurationIsVisible = 0;
			defaultConfigurationName = Release;
		};
/* End XCConfigurationList section */
	};
	rootObject = 526D5AE9206C19C200DCDE85 /* Project object */;
}
